
Microsoft Visual Studio Solution File, Format Version 12.00
# Visual Studio Version 16
VisualStudioVersion = 16.0.29911.84
MinimumVisualStudioVersion = 10.0.40219.1
Project("{9A19103F-16F7-4668-BE54-9A1E7A4F7556}") = "Abcd.Management.Website", "Abcd.Management.Website\Abcd.Management.Website.csproj", "{76B4AE74-CF16-452D-A19A-74B54705BDB8}"
EndProject
Project("{9A19103F-16F7-4668-BE54-9A1E7A4F7556}") = "DataAccess", "DataAccess\DataAccess.csproj", "{9E02F066-C5BB-442A-A2CC-FEAD50E2D25A}"
EndProject
Project("{9A19103F-16F7-4668-BE54-9A1E7A4F7556}") = "Entities", "Entities\Entities.csproj", "{1DA0A574-C09B-4E75-9CEE-CA6E9F9DD400}"
EndProject
Project("{FAE04EC0-301F-11D3-BF4B-00C04F79EFBC}") = "Business", "Business\Business.csproj", "{9CDD6D30-B16A-4055-8469-E3EE4E3D75B4}"
EndProject
Global
	GlobalSection(SolutionConfigurationPlatforms) = preSolution
		Debug|Any CPU = Debug|Any CPU
		Release|Any CPU = Release|Any CPU
	EndGlobalSection
	GlobalSection(ProjectConfigurationPlatforms) = postSolution
		{76B4AE74-CF16-452D-A19A-74B54705BDB8}.Debug|Any CPU.ActiveCfg = Debug|Any CPU
		{76B4AE74-CF16-452D-A19A-74B54705BDB8}.Debug|Any CPU.Build.0 = Debug|Any CPU
		{76B4AE74-CF16-452D-A19A-74B54705BDB8}.Release|Any CPU.ActiveCfg = Release|Any CPU
		{76B4AE74-CF16-452D-A19A-74B54705BDB8}.Release|Any CPU.Build.0 = Release|Any CPU
		{9E02F066-C5BB-442A-A2CC-FEAD50E2D25A}.Debug|Any CPU.ActiveCfg = Debug|Any CPU
		{9E02F066-C5BB-442A-A2CC-FEAD50E2D25A}.Debug|Any CPU.Build.0 = Debug|Any CPU
		{9E02F066-C5BB-442A-A2CC-FEAD50E2D25A}.Release|Any CPU.ActiveCfg = Release|Any CPU
		{9E02F066-C5BB-442A-A2CC-FEAD50E2D25A}.Release|Any CPU.Build.0 = Release|Any CPU
		{1DA0A574-C09B-4E75-9CEE-CA6E9F9DD400}.Debug|Any CPU.ActiveCfg = Debug|Any CPU
		{1DA0A574-C09B-4E75-9CEE-CA6E9F9DD400}.Debug|Any CPU.Build.0 = Debug|Any CPU
		{1DA0A574-C09B-4E75-9CEE-CA6E9F9DD400}.Release|Any CPU.ActiveCfg = Release|Any CPU
		{1DA0A574-C09B-4E75-9CEE-CA6E9F9DD400}.Release|Any CPU.Build.0 = Release|Any CPU
		{9CDD6D30-B16A-4055-8469-E3EE4E3D75B4}.Debug|Any CPU.ActiveCfg = Debug|Any CPU
		{9CDD6D30-B16A-4055-8469-E3EE4E3D75B4}.Debug|Any CPU.Build.0 = Debug|Any CPU
		{9CDD6D30-B16A-4055-8469-E3EE4E3D75B4}.Release|Any CPU.ActiveCfg = Release|Any CPU
		{9CDD6D30-B16A-4055-8469-E3EE4E3D75B4}.Release|Any CPU.Build.0 = Release|Any CPU
	EndGlobalSection
	GlobalSection(SolutionProperties) = preSolution
		HideSolutionNode = FALSE
	EndGlobalSection
	GlobalSection(ExtensibilityGlobals) = postSolution
		SolutionGuid = {DBE928DA-B7BE-432D-9EFB-2DD02894E30E}
	EndGlobalSection
EndGlobal
